
Microsoft Visual Studio Solution File, Format Version 12.00
# Visual Studio 15
VisualStudioVersion = 15.0.28307.421
MinimumVisualStudioVersion = 10.0.40219.1
Project("{FAE04EC0-301F-11D3-BF4B-00C04F79EFBC}") = "ControlRGB", "ControlRGB.csproj", "{50747E66-B71E-4FDB-91AE-A7D679F1A93A}"
EndProject
Global
	GlobalSection(SolutionConfigurationPlatforms) = preSolution
		Debug|Any CPU = Debug|Any CPU
		Release|Any CPU = Release|Any CPU
	EndGlobalSection
	GlobalSection(ProjectConfigurationPlatforms) = postSolution
		{50747E66-B71E-4FDB-91AE-A7D679F1A93A}.Debug|Any CPU.ActiveCfg = Debug|Any CPU
		{50747E66-B71E-4FDB-91AE-A7D679F1A93A}.Debug|Any CPU.Build.0 = Debug|Any CPU
		{50747E66-B71E-4FDB-91AE-A7D679F1A93A}.Release|Any CPU.ActiveCfg = Release|Any CPU
		{50747E66-B71E-4FDB-91AE-A7D679F1A93A}.Release|Any CPU.Build.0 = Release|Any CPU
	EndGlobalSection
	GlobalSection(SolutionProperties) = preSolution
		HideSolutionNode = FALSE
	EndGlobalSection
	GlobalSection(ExtensibilityGlobals) = postSolution
		SolutionGuid = {064BE99C-DDFD-41C4-A54A-63F80F46793E}
	EndGlobalSection
EndGlobal
